PODS:
  - Hippolyte (0.5.0)
  - Realm (3.13.0):
    - Realm/Headers (= 3.13.0)
  - Realm/Headers (3.13.0)
  - RealmSwift (3.13.0):
    - Realm (= 3.13.0)

DEPENDENCIES:
  - Hippolyte
  - RealmSwift

SPEC REPOS:
  https://github.com/cocoapods/specs.git:
    - Hippolyte
    - Realm
    - RealmSwift

SPEC CHECKSUMS:
  Hippolyte: ac90c7dd71ae06470133ed7c1e12b80800f8bead
  Realm: 5edd2ee65406aef591a4f9895de5a3440e51b3d8
  RealmSwift: be5ebc7930e37cd3376b41cec7f21984528aaa16

PODFILE CHECKSUM: 3818802c27d512921aef3b0a529aa7547dca4bf1

COCOAPODS: 1.5.3
